
Microsoft Visual Studio Solution File, Format Version 12.00
# Visual Studio Version 16
VisualStudioVersion = 16.0.32106.194
MinimumVisualStudioVersion = 10.0.40219.1
Project("{2150E333-8FDC-42A3-9474-1A3956D46DE8}") = "Services", "Services", "{1600897C-90D0-46F1-BE4D-97E55BF7F0E4}"
EndProject
Project("{2150E333-8FDC-42A3-9474-1A3956D46DE8}") = "Catalog", "Catalog", "{A8D7C88F-EED1-4834-B416-7A52F3A10316}"
EndProject
Project("{9A19103F-16F7-4668-BE54-9A1E7A4F7556}") = "Catalog.API", "Services\Catalog\Catalog.API\Catalog.API.csproj", "{2576C587-B002-4925-9F9D-BBC193E8EE9F}"
EndProject
Project("{E53339B2-1760-4266-BCC7-CA923CBCF16C}") = "docker-compose", "docker-compose.dcproj", "{C67B294D-19AD-4765-B817-4BFBA28AD50D}"
EndProject
Project("{2150E333-8FDC-42A3-9474-1A3956D46DE8}") = "Basket", "Basket", "{663C01AC-73FF-40AA-AAA9-642127C26438}"
EndProject
Project("{9A19103F-16F7-4668-BE54-9A1E7A4F7556}") = "Basket.API", "Services\Basket\Basket.API\Basket.API.csproj", "{6DF229F4-8761-4F3D-AB0D-6177FFC5226C}"
EndProject
Project("{2150E333-8FDC-42A3-9474-1A3956D46DE8}") = "Discount", "Discount", "{D6EF9F22-8407-48BA-9E6F-42D6969EC173}"
EndProject
Project("{9A19103F-16F7-4668-BE54-9A1E7A4F7556}") = "Discount.API", "Services\Discount\Discount.API\Discount.API.csproj", "{66448B64-A710-47C4-841A-2C1F571A2015}"
EndProject
Project("{9A19103F-16F7-4668-BE54-9A1E7A4F7556}") = "Discount.Grpc", "Services\Discount\Discount.Grpc\Discount.Grpc.csproj", "{2285EA51-3AE1-4BA3-9D90-338871DD6AA9}"
EndProject
Project("{2150E333-8FDC-42A3-9474-1A3956D46DE8}") = "Ordering", "Ordering", "{832E80AE-A821-4835-8B10-38351A2FF2F8}"
EndProject
Project("{9A19103F-16F7-4668-BE54-9A1E7A4F7556}") = "Ordering.API", "Services\Ordering\Ordering.API\Ordering.API.csproj", "{457159DA-0B63-4BAB-91C4-C4FAF33AC371}"
EndProject
Project("{9A19103F-16F7-4668-BE54-9A1E7A4F7556}") = "Ordering.Domain", "Services\Ordering\Ordering.Domain\Ordering.Domain.csproj", "{9B84B5F5-4F6D-444A-BC76-C5CFBDC1E02A}"
EndProject
Project("{9A19103F-16F7-4668-BE54-9A1E7A4F7556}") = "Ordering.Application", "Services\Ordering\Ordering.Application\Ordering.Application.csproj", "{30CC7E9F-7965-49FF-99EE-0FA5F6EA621D}"
EndProject
Project("{9A19103F-16F7-4668-BE54-9A1E7A4F7556}") = "Ordering.Infrastructure", "Services\Ordering\Ordering.Infrastructure\Ordering.Infrastructure.csproj", "{BA1582C8-9CCE-4DB2-A44D-170561F492FF}"
EndProject
Project("{2150E333-8FDC-42A3-9474-1A3956D46DE8}") = "BuildingBlocks", "BuildingBlocks", "{FF65E066-B3F4-44F8-AAC7-DC3D8894F1B2}"
EndProject
Project("{FAE04EC0-301F-11D3-BF4B-00C04F79EFBC}") = "EventBus.Messages", "BuildingBlocks\EventBus.Messages\EventBus.Messages.csproj", "{50504747-35D9-459E-BDCF-99CBD517C849}"
EndProject
Global
	GlobalSection(SolutionConfigurationPlatforms) = preSolution
		Debug|Any CPU = Debug|Any CPU
		Release|Any CPU = Release|Any CPU
	EndGlobalSection
	GlobalSection(ProjectConfigurationPlatforms) = postSolution
		{2576C587-B002-4925-9F9D-BBC193E8EE9F}.Debug|Any CPU.ActiveCfg = Debug|Any CPU
		{2576C587-B002-4925-9F9D-BBC193E8EE9F}.Debug|Any CPU.Build.0 = Debug|Any CPU
		{2576C587-B002-4925-9F9D-BBC193E8EE9F}.Release|Any CPU.ActiveCfg = Release|Any CPU
		{2576C587-B002-4925-9F9D-BBC193E8EE9F}.Release|Any CPU.Build.0 = Release|Any CPU
		{C67B294D-19AD-4765-B817-4BFBA28AD50D}.Debug|Any CPU.ActiveCfg = Debug|Any CPU
		{C67B294D-19AD-4765-B817-4BFBA28AD50D}.Debug|Any CPU.Build.0 = Debug|Any CPU
		{C67B294D-19AD-4765-B817-4BFBA28AD50D}.Release|Any CPU.ActiveCfg = Release|Any CPU
		{C67B294D-19AD-4765-B817-4BFBA28AD50D}.Release|Any CPU.Build.0 = Release|Any CPU
		{6DF229F4-8761-4F3D-AB0D-6177FFC5226C}.Debug|Any CPU.ActiveCfg = Debug|Any CPU
		{6DF229F4-8761-4F3D-AB0D-6177FFC5226C}.Debug|Any CPU.Build.0 = Debug|Any CPU
		{6DF229F4-8761-4F3D-AB0D-6177FFC5226C}.Release|Any CPU.ActiveCfg = Release|Any CPU
		{6DF229F4-8761-4F3D-AB0D-6177FFC5226C}.Release|Any CPU.Build.0 = Release|Any CPU
		{66448B64-A710-47C4-841A-2C1F571A2015}.Debug|Any CPU.ActiveCfg = Debug|Any CPU
		{66448B64-A710-47C4-841A-2C1F571A2015}.Debug|Any CPU.Build.0 = Debug|Any CPU
		{66448B64-A710-47C4-841A-2C1F571A2015}.Release|Any CPU.ActiveCfg = Release|Any CPU
		{66448B64-A710-47C4-841A-2C1F571A2015}.Release|Any CPU.Build.0 = Release|Any CPU
		{2285EA51-3AE1-4BA3-9D90-338871DD6AA9}.Debug|Any CPU.ActiveCfg = Debug|Any CPU
		{2285EA51-3AE1-4BA3-9D90-338871DD6AA9}.Debug|Any CPU.Build.0 = Debug|Any CPU
		{2285EA51-3AE1-4BA3-9D90-338871DD6AA9}.Release|Any CPU.ActiveCfg = Release|Any CPU
		{2285EA51-3AE1-4BA3-9D90-338871DD6AA9}.Release|Any CPU.Build.0 = Release|Any CPU
		{457159DA-0B63-4BAB-91C4-C4FAF33AC371}.Debug|Any CPU.ActiveCfg = Debug|Any CPU
		{457159DA-0B63-4BAB-91C4-C4FAF33AC371}.Debug|Any CPU.Build.0 = Debug|Any CPU
		{457159DA-0B63-4BAB-91C4-C4FAF33AC371}.Release|Any CPU.ActiveCfg = Release|Any CPU
		{457159DA-0B63-4BAB-91C4-C4FAF33AC371}.Release|Any CPU.Build.0 = Release|Any CPU
		{9B84B5F5-4F6D-444A-BC76-C5CFBDC1E02A}.Debug|Any CPU.ActiveCfg = Debug|Any CPU
		{9B84B5F5-4F6D-444A-BC76-C5CFBDC1E02A}.Debug|Any CPU.Build.0 = Debug|Any CPU
		{9B84B5F5-4F6D-444A-BC76-C5CFBDC1E02A}.Release|Any CPU.ActiveCfg = Release|Any CPU
		{9B84B5F5-4F6D-444A-BC76-C5CFBDC1E02A}.Release|Any CPU.Build.0 = Release|Any CPU
		{30CC7E9F-7965-49FF-99EE-0FA5F6EA621D}.Debug|Any CPU.ActiveCfg = Debug|Any CPU
		{30CC7E9F-7965-49FF-99EE-0FA5F6EA621D}.Debug|Any CPU.Build.0 = Debug|Any CPU
		{30CC7E9F-7965-49FF-99EE-0FA5F6EA621D}.Release|Any CPU.ActiveCfg = Release|Any CPU
		{30CC7E9F-7965-49FF-99EE-0FA5F6EA621D}.Release|Any CPU.Build.0 = Release|Any CPU
		{BA1582C8-9CCE-4DB2-A44D-170561F492FF}.Debug|Any CPU.ActiveCfg = Debug|Any CPU
		{BA1582C8-9CCE-4DB2-A44D-170561F492FF}.Debug|Any CPU.Build.0 = Debug|Any CPU
		{BA1582C8-9CCE-4DB2-A44D-170561F492FF}.Release|Any CPU.ActiveCfg = Release|Any CPU
		{BA1582C8-9CCE-4DB2-A44D-170561F492FF}.Release|Any CPU.Build.0 = Release|Any CPU
		{50504747-35D9-459E-BDCF-99CBD517C849}.Debug|Any CPU.ActiveCfg = Debug|Any CPU
		{50504747-35D9-459E-BDCF-99CBD517C849}.Debug|Any CPU.Build.0 = Debug|Any CPU
		{50504747-35D9-459E-BDCF-99CBD517C849}.Release|Any CPU.ActiveCfg = Release|Any CPU
		{50504747-35D9-459E-BDCF-99CBD517C849}.Release|Any CPU.Build.0 = Release|Any CPU
	EndGlobalSection
	GlobalSection(SolutionProperties) = preSolution
		HideSolutionNode = FALSE
	EndGlobalSection
	GlobalSection(NestedProjects) = preSolution
		{A8D7C88F-EED1-4834-B416-7A52F3A10316} = {1600897C-90D0-46F1-BE4D-97E55BF7F0E4}
		{2576C587-B002-4925-9F9D-BBC193E8EE9F} = {A8D7C88F-EED1-4834-B416-7A52F3A10316}
		{663C01AC-73FF-40AA-AAA9-642127C26438} = {1600897C-90D0-46F1-BE4D-97E55BF7F0E4}
		{6DF229F4-8761-4F3D-AB0D-6177FFC5226C} = {663C01AC-73FF-40AA-AAA9-642127C26438}
		{D6EF9F22-8407-48BA-9E6F-42D6969EC173} = {1600897C-90D0-46F1-BE4D-97E55BF7F0E4}
		{66448B64-A710-47C4-841A-2C1F571A2015} = {D6EF9F22-8407-48BA-9E6F-42D6969EC173}
		{2285EA51-3AE1-4BA3-9D90-338871DD6AA9} = {D6EF9F22-8407-48BA-9E6F-42D6969EC173}
		{832E80AE-A821-4835-8B10-38351A2FF2F8} = {1600897C-90D0-46F1-BE4D-97E55BF7F0E4}
		{457159DA-0B63-4BAB-91C4-C4FAF33AC371} = {832E80AE-A821-4835-8B10-38351A2FF2F8}
		{9B84B5F5-4F6D-444A-BC76-C5CFBDC1E02A} = {832E80AE-A821-4835-8B10-38351A2FF2F8}
		{30CC7E9F-7965-49FF-99EE-0FA5F6EA621D} = {832E80AE-A821-4835-8B10-38351A2FF2F8}
		{BA1582C8-9CCE-4DB2-A44D-170561F492FF} = {832E80AE-A821-4835-8B10-38351A2FF2F8}
		{50504747-35D9-459E-BDCF-99CBD517C849} = {FF65E066-B3F4-44F8-AAC7-DC3D8894F1B2}
	EndGlobalSection
	GlobalSection(ExtensibilityGlobals) = postSolution
		SolutionGuid = {4E119C8D-D7D3-4F76-BA80-8311BE28E514}
	EndGlobalSection
EndGlobal
